lockfileVersion: '6.0'

settings:
  autoInstallPeers: true
  excludeLinksFromLockfile: false

dependencies:
  '@protobuf-ts/grpcweb-transport':
    specifier: ^2.9.4
    version: 2.9.4

packages:

  /@protobuf-ts/grpcweb-transport@2.9.4:
    resolution: {integrity: sha512-6aQgwPTgX6FkqWqmNts3uk8T/C5coJoH7U87zgaZY/Wo2EVa9SId5bXTM8uo4WR+CN8j9W4c9ij1yG13Hc3xUw==}
    dependencies:
      '@protobuf-ts/runtime': 2.9.4
      '@protobuf-ts/runtime-rpc': 2.9.4
    dev: false

  /@protobuf-ts/runtime-rpc@2.9.4:
    resolution: {integrity: sha512-y9L9JgnZxXFqH5vD4d7j9duWvIJ7AShyBRoNKJGhu9Q27qIbchfzli66H9RvrQNIFk5ER7z1Twe059WZGqERcA==}
    dependencies:
      '@protobuf-ts/runtime': 2.9.4
    dev: false

  /@protobuf-ts/runtime@2.9.4:
    resolution: {integrity: sha512-vHRFWtJJB/SiogWDF0ypoKfRIZ41Kq+G9cEFj6Qm1eQaAhJ1LDFvgZ7Ja4tb3iLOQhz0PaoPnnOijF1qmEqTxg==}
    dev: false
